// !$*UTF8*$!
{
	archiveVersion = 1;
	classes = {
	};
	objectVersion = 56;
	objects = {

/* Begin PBXBuildFile section */
		C725B3412AD0F467005B25C8 /* HZAudioEncoder.m in Sources */ = {isa = PBXBuildFile; fileRef = C725B3322AD0F467005B25C8 /* HZAudioEncoder.m */; };
		C725B3422AD0F467005B25C8 /* HZVideoDecoder.m in Sources */ = {isa = PBXBuildFile; fileRef = C725B3352AD0F467005B25C8 /* HZVideoDecoder.m */; };
		C725B3432AD0F467005B25C8 /* HZVideoEncoder.m in Sources */ = {isa = PBXBuildFile; fileRef = C725B3392AD0F467005B25C8 /* HZVideoEncoder.m */; };
		C725B3442AD0F467005B25C8 /* HZCapture.m in Sources */ = {isa = PBXBuildFile; fileRef = C725B33A2AD0F467005B25C8 /* HZCapture.m */; };
		C725B3452AD0F467005B25C8 /* HZAudioPlayer.m in Sources */ = {isa = PBXBuildFile; fileRef = C725B33C2AD0F467005B25C8 /* HZAudioPlayer.m */; };
		C725B3462AD0F467005B25C8 /* HZAudioDecoder.m in Sources */ = {isa = PBXBuildFile; fileRef = C725B33D2AD0F467005B25C8 /* HZAudioDecoder.m */; };
		C725B3472AD0F467005B25C8 /* USBMux.m in Sources */ = {isa = PBXBuildFile; fileRef = C725B33F2AD0F467005B25C8 /* USBMux.m */; };
		C77A1A672AA8234B00A6764A /* AppDelegate.swift in Sources */ = {isa = PBXBuildFile; fileRef = C77A1A662AA8234B00A6764A /* AppDelegate.swift */; };
		C77A1A692AA8234B00A6764A /* ViewController.swift in Sources */ = {isa = PBXBuildFile; fileRef = C77A1A682AA8234B00A6764A /* ViewController.swift */; };
		C77A1A6B2AA8234D00A6764A /* Assets.xcassets in Resources */ = {isa = PBXBuildFile; fileRef = C77A1A6A2AA8234D00A6764A /* Assets.xcassets */; };
		C77A1A6E2AA8234D00A6764A /* Main.storyboard in Resources */ = {isa = PBXBuildFile; fileRef = C77A1A6C2AA8234D00A6764A /* Main.storyboard */; };
		C77A1A872AA82B1500A6764A /* CocoaAsyncSocket in Frameworks */ = {isa = PBXBuildFile; productRef = C77A1A862AA82B1500A6764A /* CocoaAsyncSocket */; };
		C7B375E92ADD32C300BB509E /* HZTransferData.m in Sources */ = {isa = PBXBuildFile; fileRef = C7B375E72ADD32C300BB509E /* HZTransferData.m */; };
/* End PBXBuildFile section */

/* Begin PBXFileReference section */
		C725B3322AD0F467005B25C8 /* HZAudioEncoder.m */ = {isa = PBXFileReference; fileEncoding = 4; lastKnownFileType = sourcecode.c.objc; path = HZAudioEncoder.m; sourceTree = "<group>"; };
		C725B3332AD0F467005B25C8 /* HZCapture.h */ = {isa = PBXFileReference; fileEncoding = 4; lastKnownFileType = sourcecode.c.h; path = HZCapture.h; sourceTree = "<group>"; };
		C725B3342AD0F467005B25C8 /* HZVideoEncoder.h */ = {isa = PBXFileReference; fileEncoding = 4; lastKnownFileType = sourcecode.c.h; path = HZVideoEncoder.h; sourceTree = "<group>"; };
		C725B3352AD0F467005B25C8 /* HZVideoDecoder.m */ = {isa = PBXFileReference; fileEncoding = 4; lastKnownFileType = sourcecode.c.objc; path = HZVideoDecoder.m; sourceTree = "<group>"; };
		C725B3362AD0F467005B25C8 /* HZAudioDecoder.h */ = {isa = PBXFileReference; fileEncoding = 4; lastKnownFileType = sourcecode.c.h; path = HZAudioDecoder.h; sourceTree = "<group>"; };
		C725B3372AD0F467005B25C8 /* HZAudioPlayer.h */ = {isa = PBXFileReference; fileEncoding = 4; lastKnownFileType = sourcecode.c.h; path = HZAudioPlayer.h; sourceTree = "<group>"; };
		C725B3382AD0F467005B25C8 /* HZAudioEncoder.h */ = {isa = PBXFileReference; fileEncoding = 4; lastKnownFileType = sourcecode.c.h; path = HZAudioEncoder.h; sourceTree = "<group>"; };
		C725B3392AD0F467005B25C8 /* HZVideoEncoder.m */ = {isa = PBXFileReference; fileEncoding = 4; lastKnownFileType = sourcecode.c.objc; path = HZVideoEncoder.m; sourceTree = "<group>"; };
		C725B33A2AD0F467005B25C8 /* HZCapture.m */ = {isa = PBXFileReference; fileEncoding = 4; lastKnownFileType = sourcecode.c.objc; path = HZCapture.m; sourceTree = "<group>"; };
		C725B33B2AD0F467005B25C8 /* HZVideoDecoder.h */ = {isa = PBXFileReference; fileEncoding = 4; lastKnownFileType = sourcecode.c.h; path = HZVideoDecoder.h; sourceTree = "<group>"; };
		C725B33C2AD0F467005B25C8 /* HZAudioPlayer.m */ = {isa = PBXFileReference; fileEncoding = 4; lastKnownFileType = sourcecode.c.objc; path = HZAudioPlayer.m; sourceTree = "<group>"; };
		C725B33D2AD0F467005B25C8 /* HZAudioDecoder.m */ = {isa = PBXFileReference; fileEncoding = 4; lastKnownFileType = sourcecode.c.objc; path = HZAudioDecoder.m; sourceTree = "<group>"; };
		C725B33F2AD0F467005B25C8 /* USBMux.m */ = {isa = PBXFileReference; fileEncoding = 4; lastKnownFileType = sourcecode.c.objc; path = USBMux.m; sourceTree = "<group>"; };
		C725B3402AD0F467005B25C8 /* USBMux.h */ = {isa = PBXFileReference; fileEncoding = 4; lastKnownFileType = sourcecode.c.h; path = USBMux.h; sourceTree = "<group>"; };
		C77A1A632AA8234B00A6764A /* USBMux_Mac.app */ = {isa = PBXFileReference; explicitFileType = wrapper.application; includeInIndex = 0; path = USBMux_Mac.app; sourceTree = BUILT_PRODUCTS_DIR; };
		C77A1A662AA8234B00A6764A /* AppDelegate.swift */ = {isa = PBXFileReference; lastKnownFileType = sourcecode.swift; path = AppDelegate.swift; sourceTree = "<group>"; };
		C77A1A682AA8234B00A6764A /* ViewController.swift */ = {isa = PBXFileReference; lastKnownFileType = sourcecode.swift; path = ViewController.swift; sourceTree = "<group>"; };
		C77A1A6A2AA8234D00A6764A /* Assets.xcassets */ = {isa = PBXFileReference; lastKnownFileType = folder.assetcatalog; path = Assets.xcassets; sourceTree = "<group>"; };
		C77A1A6D2AA8234D00A6764A /* Base */ = {isa = PBXFileReference; lastKnownFileType = file.storyboard; name = Base; path = Base.lproj/Main.storyboard; sourceTree = "<group>"; };
		C77A1A6F2AA8234D00A6764A /* USBMux_Mac.entitlements */ = {isa = PBXFileReference; lastKnownFileType = text.plist.entitlements; path = USBMux_Mac.entitlements; sourceTree = "<group>"; };
		C77A1A882AA82C3D00A6764A /* USBMux_Mac-Bridging-Header.h */ = {isa = PBXFileReference; lastKnownFileType = sourcecode.c.h; path = "USBMux_Mac-Bridging-Header.h"; sourceTree = "<group>"; };
		C7B375E72ADD32C300BB509E /* HZTransferData.m */ = {isa = PBXFileReference; fileEncoding = 4; lastKnownFileType = sourcecode.c.objc; path = HZTransferData.m; sourceTree = "<group>"; };
		C7B375E82ADD32C300BB509E /* HZTransferData.h */ = {isa = PBXFileReference; fileEncoding = 4; lastKnownFileType = sourcecode.c.h; path = HZTransferData.h; sourceTree = "<group>"; };
/* End PBXFileReference section */

/* Begin PBXFrameworksBuildPhase section */
		C77A1A602AA8234B00A6764A /* Frameworks */ = {
			isa = PBXFrameworksBuildPhase;
			buildActionMask = 2147483647;
			files = (
				C77A1A872AA82B1500A6764A /* CocoaAsyncSocket in Frameworks */,
			);
			runOnlyForDeploymentPostprocessing = 0;
		};
/* End PBXFrameworksBuildPhase section */

/* Begin PBXGroup section */
		C725B3302AD0F467005B25C8 /* Global */ = {
			isa = PBXGroup;
			children = (
				C725B3312AD0F467005B25C8 /* AV */,
				C725B33E2AD0F467005B25C8 /* USBMux */,
			);
			name = Global;
			path = ../Global;
			sourceTree = "<group>";
		};
		C725B3312AD0F467005B25C8 /* AV */ = {
			isa = PBXGroup;
			children = (
				C725B3362AD0F467005B25C8 /* HZAudioDecoder.h */,
				C725B33D2AD0F467005B25C8 /* HZAudioDecoder.m */,
				C725B3382AD0F467005B25C8 /* HZAudioEncoder.h */,
				C725B3322AD0F467005B25C8 /* HZAudioEncoder.m */,
				C725B3372AD0F467005B25C8 /* HZAudioPlayer.h */,
				C725B33C2AD0F467005B25C8 /* HZAudioPlayer.m */,
				C725B3332AD0F467005B25C8 /* HZCapture.h */,
				C725B33A2AD0F467005B25C8 /* HZCapture.m */,
				C725B33B2AD0F467005B25C8 /* HZVideoDecoder.h */,
				C725B3352AD0F467005B25C8 /* HZVideoDecoder.m */,
				C725B3342AD0F467005B25C8 /* HZVideoEncoder.h */,
				C725B3392AD0F467005B25C8 /* HZVideoEncoder.m */,
			);
			path = AV;
			sourceTree = "<group>";
		};
		C725B33E2AD0F467005B25C8 /* USBMux */ = {
			isa = PBXGroup;
			children = (
				C725B3402AD0F467005B25C8 /* USBMux.h */,
				C725B33F2AD0F467005B25C8 /* USBMux.m */,
				C7B375E82ADD32C300BB509E /* HZTransferData.h */,
				C7B375E72ADD32C300BB509E /* HZTransferData.m */,
			);
			path = USBMux;
			sourceTree = "<group>";
		};
		C77A1A5A2AA8234B00A6764A = {
			isa = PBXGroup;
			children = (
				C725B3302AD0F467005B25C8 /* Global */,
				C77A1A652AA8234B00A6764A /* USBMux_Mac */,
				C77A1A642AA8234B00A6764A /* Products */,
			);
			sourceTree = "<group>";
		};
		C77A1A642AA8234B00A6764A /* Products */ = {
			isa = PBXGroup;
			children = (
				C77A1A632AA8234B00A6764A /* USBMux_Mac.app */,
			);
			name = Products;
			sourceTree = "<group>";
		};
		C77A1A652AA8234B00A6764A /* USBMux_Mac */ = {
			isa = PBXGroup;
			children = (
				C77A1A662AA8234B00A6764A /* AppDelegate.swift */,
				C77A1A682AA8234B00A6764A /* ViewController.swift */,
				C77A1A6A2AA8234D00A6764A /* Assets.xcassets */,
				C77A1A6C2AA8234D00A6764A /* Main.storyboard */,
				C77A1A6F2AA8234D00A6764A /* USBMux_Mac.entitlements */,
				C77A1A882AA82C3D00A6764A /* USBMux_Mac-Bridging-Header.h */,
			);
			path = USBMux_Mac;
			sourceTree = "<group>";
		};
/* End PBXGroup section */

/* Begin PBXNativeTarget section */
		C77A1A622AA8234B00A6764A /* USBMux_Mac */ = {
			isa = PBXNativeTarget;
			buildConfigurationList = C77A1A722AA8234D00A6764A /* Build configuration list for PBXNativeTarget "USBMux_Mac" */;
			buildPhases = (
				C77A1A5F2AA8234B00A6764A /* Sources */,
				C77A1A602AA8234B00A6764A /* Frameworks */,
				C77A1A612AA8234B00A6764A /* Resources */,
			);
			buildRules = (
			);
			dependencies = (
			);
			name = USBMux_Mac;
			packageProductDependencies = (
				C77A1A862AA82B1500A6764A /* CocoaAsyncSocket */,
			);
			productName = USBMux_Mac;
			productReference = C77A1A632AA8234B00A6764A /* USBMux_Mac.app */;
			productType = "com.apple.product-type.application";
		};
/* End PBXNativeTarget section */

/* Begin PBXProject section */
		C77A1A5B2AA8234B00A6764A /* Project object */ = {
			isa = PBXProject;
			attributes = {
				BuildIndependentTargetsInParallel = 1;
				LastSwiftUpdateCheck = 1430;
				LastUpgradeCheck = 1500;
				TargetAttributes = {
					C77A1A622AA8234B00A6764A = {
						CreatedOnToolsVersion = 14.3.1;
					};
				};
			};
			buildConfigurationList = C77A1A5E2AA8234B00A6764A /* Build configuration list for PBXProject "USBMux_Mac" */;
			compatibilityVersion = "Xcode 14.0";
			developmentRegion = en;
			hasScannedForEncodings = 0;
			knownRegions = (
				en,
				Base,
			);
			mainGroup = C77A1A5A2AA8234B00A6764A;
			packageReferences = (
				C77A1A852AA82B1500A6764A /* XCRemoteSwiftPackageReference "CocoaAsyncSocket" */,
			);
			productRefGroup = C77A1A642AA8234B00A6764A /* Products */;
			projectDirPath = "";
			projectRoot = "";
			targets = (
				C77A1A622AA8234B00A6764A /* USBMux_Mac */,
			);
		};
/* End PBXProject section */

/* Begin PBXResourcesBuildPhase section */
		C77A1A612AA8234B00A6764A /* Resources */ = {
			isa = PBXResourcesBuildPhase;
			buildActionMask = 2147483647;
			files = (
				C77A1A6B2AA8234D00A6764A /* Assets.xcassets in Resources */,
				C77A1A6E2AA8234D00A6764A /* Main.storyboard in Resources */,
			);
			runOnlyForDeploymentPostprocessing = 0;
		};
/* End PBXResourcesBuildPhase section */

/* Begin PBXSourcesBuildPhase section */
		C77A1A5F2AA8234B00A6764A /* Sources */ = {
			isa = PBXSourcesBuildPhase;
			buildActionMask = 2147483647;
			files = (
				C7B375E92ADD32C300BB509E /* HZTransferData.m in Sources */,
				C77A1A692AA8234B00A6764A /* ViewController.swift in Sources */,
				C725B3412AD0F467005B25C8 /* HZAudioEncoder.m in Sources */,
				C725B3472AD0F467005B25C8 /* USBMux.m in Sources */,
				C725B3422AD0F467005B25C8 /* HZVideoDecoder.m in Sources */,
				C725B3452AD0F467005B25C8 /* HZAudioPlayer.m in Sources */,
				C77A1A672AA8234B00A6764A /* AppDelegate.swift in Sources */,
				C725B3462AD0F467005B25C8 /* HZAudioDecoder.m in Sources */,
				C725B3442AD0F467005B25C8 /* HZCapture.m in Sources */,
				C725B3432AD0F467005B25C8 /* HZVideoEncoder.m in Sources */,
			);
			runOnlyForDeploymentPostprocessing = 0;
		};
/* End PBXSourcesBuildPhase section */

/* Begin PBXVariantGroup section */
		C77A1A6C2AA8234D00A6764A /* Main.storyboard */ = {
			isa = PBXVariantGroup;
			children = (
				C77A1A6D2AA8234D00A6764A /* Base */,
			);
			name = Main.storyboard;
			sourceTree = "<group>";
		};
/* End PBXVariantGroup section */

/* Begin XCBuildConfiguration section */
		C77A1A702AA8234D00A6764A /* Debug */ = {
			isa = XCBuildConfiguration;
			buildSettings = {
				ALWAYS_SEARCH_USER_PATHS = NO;
				CLANG_ANALYZER_NONNULL = YES;
				CLANG_ANALYZER_NUMBER_OBJECT_CONVERSION = YES_AGGRESSIVE;
				CLANG_CXX_LANGUAGE_STANDARD = "gnu++20";
				CLANG_ENABLE_MODULES = YES;
				CLANG_ENABLE_OBJC_ARC = YES;
				CLANG_ENABLE_OBJC_WEAK = YES;
				CLANG_WARN_BLOCK_CAPTURE_AUTORELEASING = YES;
				CLANG_WARN_BOOL_CONVERSION = YES;
				CLANG_WARN_COMMA = YES;
				CLANG_WARN_CONSTANT_CONVERSION = YES;
				CLANG_WARN_DEPRECATED_OBJC_IMPLEMENTATIONS = YES;
				CLANG_WARN_DIRECT_OBJC_ISA_USAGE = YES_ERROR;
				CLANG_WARN_DOCUMENTATION_COMMENTS = YES;
				CLANG_WARN_EMPTY_BODY = YES;
				CLANG_WARN_ENUM_CONVERSION = YES;
				CLANG_WARN_INFINITE_RECURSION = YES;
				CLANG_WARN_INT_CONVERSION = YES;
				CLANG_WARN_NON_LITERAL_NULL_CONVERSION = YES;
				CLANG_WARN_OBJC_IMPLICIT_RETAIN_SELF = YES;
				CLANG_WARN_OBJC_LITERAL_CONVERSION = YES;
				CLANG_WARN_OBJC_ROOT_CLASS = YES_ERROR;
				CLANG_WARN_QUOTED_INCLUDE_IN_FRAMEWORK_HEADER = YES;
				CLANG_WARN_RANGE_LOOP_ANALYSIS = YES;
				CLANG_WARN_STRICT_PROTOTYPES = YES;
				CLANG_WARN_SUSPICIOUS_MOVE = YES;
				CLANG_WARN_UNGUARDED_AVAILABILITY = YES_AGGRESSIVE;
				CLANG_WARN_UNREACHABLE_CODE = YES;
				CLANG_WARN__DUPLICATE_METHOD_MATCH = YES;
				COPY_PHASE_STRIP = NO;
				DEAD_CODE_STRIPPING = YES;
				DEBUG_INFORMATION_FORMAT = dwarf;
				ENABLE_STRICT_OBJC_MSGSEND = YES;
				ENABLE_TESTABILITY = YES;
				ENABLE_USER_SCRIPT_SANDBOXING = YES;
				GCC_C_LANGUAGE_STANDARD = gnu11;
				GCC_DYNAMIC_NO_PIC = NO;
				GCC_NO_COMMON_BLOCKS = YES;
				GCC_OPTIMIZATION_LEVEL = 0;
				GCC_PREPROCESSOR_DEFINITIONS = (
					"DEBUG=1",
					"$(inherited)",
				);
				GCC_WARN_64_TO_32_BIT_CONVERSION = YES;
				GCC_WARN_ABOUT_RETURN_TYPE = YES_ERROR;
				GCC_WARN_UNDECLARED_SELECTOR = YES;
				GCC_WARN_UNINITIALIZED_AUTOS = YES_AGGRESSIVE;
				GCC_WARN_UNUSED_FUNCTION = YES;
				GCC_WARN_UNUSED_VARIABLE = YES;
				MACOSX_DEPLOYMENT_TARGET = 13.3;
				MTL_ENABLE_DEBUG_INFO = INCLUDE_SOURCE;
				MTL_FAST_MATH = YES;
				ONLY_ACTIVE_ARCH = YES;
				SDKROOT = macosx;
				SWIFT_ACTIVE_COMPILATION_CONDITIONS = DEBUG;
				SWIFT_OPTIMIZATION_LEVEL = "-Onone";
			};
			name = Debug;
		};
		C77A1A712AA8234D00A6764A /* Release */ = {
			isa = XCBuildConfiguration;
			buildSettings = {
				ALWAYS_SEARCH_USER_PATHS = NO;
				CLANG_ANALYZER_NONNULL = YES;
				CLANG_ANALYZER_NUMBER_OBJECT_CONVERSION = YES_AGGRESSIVE;
				CLANG_CXX_LANGUAGE_STANDARD = "gnu++20";
				CLANG_ENABLE_MODULES = YES;
				CLANG_ENABLE_OBJC_ARC = YES;
				CLANG_ENABLE_OBJC_WEAK = YES;
				CLANG_WARN_BLOCK_CAPTURE_AUTORELEASING = YES;
				CLANG_WARN_BOOL_CONVERSION = YES;
				CLANG_WARN_COMMA = YES;
				CLANG_WARN_CONSTANT_CONVERSION = YES;
				CLANG_WARN_DEPRECATED_OBJC_IMPLEMENTATIONS = YES;
				CLANG_WARN_DIRECT_OBJC_ISA_USAGE = YES_ERROR;
				CLANG_WARN_DOCUMENTATION_COMMENTS = YES;
				CLANG_WARN_EMPTY_BODY = YES;
				CLANG_WARN_ENUM_CONVERSION = YES;
				CLANG_WARN_INFINITE_RECURSION = YES;
				CLANG_WARN_INT_CONVERSION = YES;
				CLANG_WARN_NON_LITERAL_NULL_CONVERSION = YES;
				CLANG_WARN_OBJC_IMPLICIT_RETAIN_SELF = YES;
				CLANG_WARN_OBJC_LITERAL_CONVERSION = YES;
				CLANG_WARN_OBJC_ROOT_CLASS = YES_ERROR;
				CLANG_WARN_QUOTED_INCLUDE_IN_FRAMEWORK_HEADER = YES;
				CLANG_WARN_RANGE_LOOP_ANALYSIS = YES;
				CLANG_WARN_STRICT_PROTOTYPES = YES;
				CLANG_WARN_SUSPICIOUS_MOVE = YES;
				CLANG_WARN_UNGUARDED_AVAILABILITY = YES_AGGRESSIVE;
				CLANG_WARN_UNREACHABLE_CODE = YES;
				CLANG_WARN__DUPLICATE_METHOD_MATCH = YES;
				COPY_PHASE_STRIP = NO;
				DEAD_CODE_STRIPPING = YES;
				DEBUG_INFORMATION_FORMAT = "dwarf-with-dsym";
				ENABLE_NS_ASSERTIONS = NO;
				ENABLE_STRICT_OBJC_MSGSEND = YES;
				ENABLE_USER_SCRIPT_SANDBOXING = YES;
				GCC_C_LANGUAGE_STANDARD = gnu11;
				GCC_NO_COMMON_BLOCKS = YES;
				GCC_WARN_64_TO_32_BIT_CONVERSION = YES;
				GCC_WARN_ABOUT_RETURN_TYPE = YES_ERROR;
				GCC_WARN_UNDECLARED_SELECTOR = YES;
				GCC_WARN_UNINITIALIZED_AUTOS = YES_AGGRESSIVE;
				GCC_WARN_UNUSED_FUNCTION = YES;
				GCC_WARN_UNUSED_VARIABLE = YES;
				MACOSX_DEPLOYMENT_TARGET = 13.3;
				MTL_ENABLE_DEBUG_INFO = NO;
				MTL_FAST_MATH = YES;
				SDKROOT = macosx;
				SWIFT_COMPILATION_MODE = wholemodule;
				SWIFT_OPTIMIZATION_LEVEL = "-O";
			};
			name = Release;
		};
		C77A1A732AA8234D00A6764A /* Debug */ = {
			isa = XCBuildConfiguration;
			buildSettings = {
				ASSETCATALOG_COMPILER_APPICON_NAME = AppIcon;
				ASSETCATALOG_COMPILER_GLOBAL_ACCENT_COLOR_NAME = AccentColor;
				CODE_SIGN_ENTITLEMENTS = USBMux_Mac/USBMux_Mac.entitlements;
				CODE_SIGN_STYLE = Automatic;
				COMBINE_HIDPI_IMAGES = YES;
				CURRENT_PROJECT_VERSION = 1;
				DEAD_CODE_STRIPPING = YES;
				DEVELOPMENT_TEAM = AEJ6MU4VC6;
				ENABLE_HARDENED_RUNTIME = YES;
				GENERATE_INFOPLIST_FILE = YES;
				INFOPLIST_KEY_NSHumanReadableCopyright = "";
				INFOPLIST_KEY_NSMainStoryboardFile = Main;
				INFOPLIST_KEY_NSPrincipalClass = NSApplication;
				LD_RUNPATH_SEARCH_PATHS = (
					"$(inherited)",
					"@executable_path/../Frameworks",
				);
				MACOSX_DEPLOYMENT_TARGET = 12.0;
				MARKETING_VERSION = 1.0;
				PRODUCT_BUNDLE_IDENTIFIER = "com.HuangZhen.USBMux-Mac";
				PRODUCT_NAME = "$(TARGET_NAME)";
				SWIFT_EMIT_LOC_STRINGS = YES;
				SWIFT_OBJC_BRIDGING_HEADER = "USBMux_Mac/USBMux_Mac-Bridging-Header.h";
				SWIFT_VERSION = 5.0;
			};
			name = Debug;
		};
		C77A1A742AA8234D00A6764A /* Release */ = {
			isa = XCBuildConfiguration;
			buildSettings = {
				ASSETCATALOG_COMPILER_APPICON_NAME = AppIcon;
				ASSETCATALOG_COMPILER_GLOBAL_ACCENT_COLOR_NAME = AccentColor;
				CODE_SIGN_ENTITLEMENTS = USBMux_Mac/USBMux_Mac.entitlements;
				CODE_SIGN_STYLE = Automatic;
				COMBINE_HIDPI_IMAGES = YES;
				CURRENT_PROJECT_VERSION = 1;
				DEAD_CODE_STRIPPING = YES;
				DEVELOPMENT_TEAM = AEJ6MU4VC6;
				ENABLE_HARDENED_RUNTIME = YES;
				GENERATE_INFOPLIST_FILE = YES;
				INFOPLIST_KEY_NSHumanReadableCopyright = "";
				INFOPLIST_KEY_NSMainStoryboardFile = Main;
				INFOPLIST_KEY_NSPrincipalClass = NSApplication;
				LD_RUNPATH_SEARCH_PATHS = (
					"$(inherited)",
					"@executable_path/../Frameworks",
				);
				MACOSX_DEPLOYMENT_TARGET = 12.0;
				MARKETING_VERSION = 1.0;
				PRODUCT_BUNDLE_IDENTIFIER = "com.HuangZhen.USBMux-Mac";
				PRODUCT_NAME = "$(TARGET_NAME)";
				SWIFT_EMIT_LOC_STRINGS = YES;
				SWIFT_OBJC_BRIDGING_HEADER = "USBMux_Mac/USBMux_Mac-Bridging-Header.h";
				SWIFT_VERSION = 5.0;
			};
			name = Release;
		};
/* End XCBuildConfiguration section */

/* Begin XCConfigurationList section */
		C77A1A5E2AA8234B00A6764A /* Build configuration list for PBXProject "USBMux_Mac" */ = {
			isa = XCConfigurationList;
			buildConfigurations = (
				C77A1A702AA8234D00A6764A /* Debug */,
				C77A1A712AA8234D00A6764A /* Release */,
			);
			defaultConfigurationIsVisible = 0;
			defaultConfigurationName = Release;
		};
		C77A1A722AA8234D00A6764A /* Build configuration list for PBXNativeTarget "USBMux_Mac" */ = {
			isa = XCConfigurationList;
			buildConfigurations = (
				C77A1A732AA8234D00A6764A /* Debug */,
				C77A1A742AA8234D00A6764A /* Release */,
			);
			defaultConfigurationIsVisible = 0;
			defaultConfigurationName = Release;
		};
/* End XCConfigurationList section */

/* Begin XCRemoteSwiftPackageReference section */
		C77A1A852AA82B1500A6764A /* XCRemoteSwiftPackageReference "CocoaAsyncSocket" */ = {
			isa = XCRemoteSwiftPackageReference;
			repositoryURL = "https://github.com/robbiehanson/CocoaAsyncSocket";
			requirement = {
				kind = upToNextMajorVersion;
				minimumVersion = 7.0.0;
			};
		};
/* End XCRemoteSwiftPackageReference section */

/* Begin XCSwiftPackageProductDependency section */
		C77A1A862AA82B1500A6764A /* CocoaAsyncSocket */ = {
			isa = XCSwiftPackageProductDependency;
			package = C77A1A852AA82B1500A6764A /* XCRemoteSwiftPackageReference "CocoaAsyncSocket" */;
			productName = CocoaAsyncSocket;
		};
/* End XCSwiftPackageProductDependency section */
	};
	rootObject = C77A1A5B2AA8234B00A6764A /* Project object */;
}
